
Microsoft Visual Studio Solution File, Format Version 12.00
# Visual Studio 2013
VisualStudioVersion = 12.0.30723.0
MinimumVisualStudioVersion = 10.0.40219.1
Project("{FAE04EC0-301F-11D3-BF4B-00C04F79EFBC}") = "LassoReader", "Lasso\LassoReader.csproj", "{F3D9A53B-2A24-4373-BD9D-234C1EE65698}"
EndProject
Project("{FAE04EC0-301F-11D3-BF4B-00C04F79EFBC}") = "LassoReader.UnitTests", "Lasso.UnitTests\LassoReader.UnitTests.csproj", "{7CAB665D-8603-4E8C-A0FA-EE77E7751B24}"
EndProject
Project("{2150E333-8FDC-42A3-9474-1A3956D46DE8}") = "Solution Items", "Solution Items", "{2C782829-78B7-4B09-918E-88097427FEBF}"
	ProjectSection(SolutionItems) = preProject
		Performance1.psess = Performance1.psess
	EndProjectSection
EndProject
Project("{FAE04EC0-301F-11D3-BF4B-00C04F79EFBC}") = "LassoConsole", "LassoConsole\LassoConsole.csproj", "{0198D9FE-EFC4-462F-AFF7-E1F187068B43}"
EndProject
Global
	GlobalSection(SolutionConfigurationPlatforms) = preSolution
		Debug|Any CPU = Debug|Any CPU
		Release|Any CPU = Release|Any CPU
	EndGlobalSection
	GlobalSection(ProjectConfigurationPlatforms) = postSolution
		{F3D9A53B-2A24-4373-BD9D-234C1EE65698}.Debug|Any CPU.ActiveCfg = Debug|Any CPU
		{F3D9A53B-2A24-4373-BD9D-234C1EE65698}.Debug|Any CPU.Build.0 = Debug|Any CPU
		{F3D9A53B-2A24-4373-BD9D-234C1EE65698}.Release|Any CPU.ActiveCfg = Release|Any CPU
		{F3D9A53B-2A24-4373-BD9D-234C1EE65698}.Release|Any CPU.Build.0 = Release|Any CPU
		{7CAB665D-8603-4E8C-A0FA-EE77E7751B24}.Debug|Any CPU.ActiveCfg = Debug|Any CPU
		{7CAB665D-8603-4E8C-A0FA-EE77E7751B24}.Debug|Any CPU.Build.0 = Debug|Any CPU
		{7CAB665D-8603-4E8C-A0FA-EE77E7751B24}.Release|Any CPU.ActiveCfg = Release|Any CPU
		{7CAB665D-8603-4E8C-A0FA-EE77E7751B24}.Release|Any CPU.Build.0 = Release|Any CPU
		{0198D9FE-EFC4-462F-AFF7-E1F187068B43}.Debug|Any CPU.ActiveCfg = Debug|Any CPU
		{0198D9FE-EFC4-462F-AFF7-E1F187068B43}.Debug|Any CPU.Build.0 = Debug|Any CPU
		{0198D9FE-EFC4-462F-AFF7-E1F187068B43}.Release|Any CPU.ActiveCfg = Release|Any CPU
		{0198D9FE-EFC4-462F-AFF7-E1F187068B43}.Release|Any CPU.Build.0 = Release|Any CPU
	EndGlobalSection
	GlobalSection(SolutionProperties) = preSolution
		HideSolutionNode = FALSE
	EndGlobalSection
	GlobalSection(Performance) = preSolution
		HasPerformanceSessions = true
	EndGlobalSection
EndGlobal
